
Microsoft Visual Studio Solution File, Format Version 12.00
# Visual Studio Version 17
Project("{2150E333-8FDC-42A3-9474-1A3956D46DE8}") = "CMakePredefinedTargets", "CMakePredefinedTargets", "{746C3FC7-CE30-3531-B4D8-00B372D4F643}"
EndProject
Project("{8BC9CEB8-8B4A-11D0-8D11-00A0C91BC942}") = "ALL_BUILD", "ALL_BUILD.vcxproj", "{6E06A901-3E2C-3A1B-BA9E-DAE384B827C6}"
	ProjectSection(ProjectDependencies) = postProject
		{DAAB037C-F53C-3FA0-A386-84FE92B00822} = {DAAB037C-F53C-3FA0-A386-84FE92B00822}
		{E8110284-6C97-3E00-8988-0CB634E18986} = {E8110284-6C97-3E00-8988-0CB634E18986}
		{A29E443E-AAE2-3323-81C2-F88DBA96DAFE} = {A29E443E-AAE2-3323-81C2-F88DBA96DAFE}
		{D4ACC2CD-17C0-35BE-A8C6-9B3C4CB462E1} = {D4ACC2CD-17C0-35BE-A8C6-9B3C4CB462E1}
		{36E7B5BB-302C-3D8A-95F1-0DC7E1AE5D9C} = {36E7B5BB-302C-3D8A-95F1-0DC7E1AE5D9C}
		{0DB53C7E-EC99-36D5-8F5A-DBA1741386F8} = {0DB53C7E-EC99-36D5-8F5A-DBA1741386F8}
		{AB968773-BEDC-3A96-A058-2F9CE734CC97} = {AB968773-BEDC-3A96-A058-2F9CE734CC97}
	EndProjectSection
EndProject
Project("{8BC9CEB8-8B4A-11D0-8D11-00A0C91BC942}") = "INSTALL", "INSTALL.vcxproj", "{22D87912-33FE-3AEE-A8AC-CC1996BE6264}"
	ProjectSection(ProjectDependencies) = postProject
		{6E06A901-3E2C-3A1B-BA9E-DAE384B827C6} = {6E06A901-3E2C-3A1B-BA9E-DAE384B827C6}
		{DAAB037C-F53C-3FA0-A386-84FE92B00822} = {DAAB037C-F53C-3FA0-A386-84FE92B00822}
	EndProjectSection
EndProject
Project("{8BC9CEB8-8B4A-11D0-8D11-00A0C91BC942}") = "ZERO_CHECK", "..\ZERO_CHECK.vcxproj", "{DAAB037C-F53C-3FA0-A386-84FE92B00822}"
	ProjectSection(ProjectDependencies) = postProject
	EndProjectSection
EndProject
Project("{8BC9CEB8-8B4A-11D0-8D11-00A0C91BC942}") = "ggml", "ggml\src\ggml.vcxproj", "{E8110284-6C97-3E00-8988-0CB634E18986}"
	ProjectSection(ProjectDependencies) = postProject
		{DAAB037C-F53C-3FA0-A386-84FE92B00822} = {DAAB037C-F53C-3FA0-A386-84FE92B00822}
		{A29E443E-AAE2-3323-81C2-F88DBA96DAFE} = {A29E443E-AAE2-3323-81C2-F88DBA96DAFE}
		{D4ACC2CD-17C0-35BE-A8C6-9B3C4CB462E1} = {D4ACC2CD-17C0-35BE-A8C6-9B3C4CB462E1}
		{36E7B5BB-302C-3D8A-95F1-0DC7E1AE5D9C} = {36E7B5BB-302C-3D8A-95F1-0DC7E1AE5D9C}
	EndProjectSection
EndProject
Project("{8BC9CEB8-8B4A-11D0-8D11-00A0C91BC942}") = "ggml-base", "ggml\src\ggml-base.vcxproj", "{A29E443E-AAE2-3323-81C2-F88DBA96DAFE}"
	ProjectSection(ProjectDependencies) = postProject
		{DAAB037C-F53C-3FA0-A386-84FE92B00822} = {DAAB037C-F53C-3FA0-A386-84FE92B00822}
	EndProjectSection
EndProject
Project("{8BC9CEB8-8B4A-11D0-8D11-00A0C91BC942}") = "ggml-cpu", "ggml\src\ggml-cpu.vcxproj", "{D4ACC2CD-17C0-35BE-A8C6-9B3C4CB462E1}"
	ProjectSection(ProjectDependencies) = postProject
		{DAAB037C-F53C-3FA0-A386-84FE92B00822} = {DAAB037C-F53C-3FA0-A386-84FE92B00822}
		{A29E443E-AAE2-3323-81C2-F88DBA96DAFE} = {A29E443E-AAE2-3323-81C2-F88DBA96DAFE}
	EndProjectSection
EndProject
Project("{8BC9CEB8-8B4A-11D0-8D11-00A0C91BC942}") = "ggml-cuda", "ggml\src\ggml-cuda\ggml-cuda.vcxproj", "{36E7B5BB-302C-3D8A-95F1-0DC7E1AE5D9C}"
	ProjectSection(ProjectDependencies) = postProject
		{DAAB037C-F53C-3FA0-A386-84FE92B00822} = {DAAB037C-F53C-3FA0-A386-84FE92B00822}
		{A29E443E-AAE2-3323-81C2-F88DBA96DAFE} = {A29E443E-AAE2-3323-81C2-F88DBA96DAFE}
	EndProjectSection
EndProject
Project("{8BC9CEB8-8B4A-11D0-8D11-00A0C91BC942}") = "stable-diffusion", "stable-diffusion.vcxproj", "{0DB53C7E-EC99-36D5-8F5A-DBA1741386F8}"
	ProjectSection(ProjectDependencies) = postProject
		{DAAB037C-F53C-3FA0-A386-84FE92B00822} = {DAAB037C-F53C-3FA0-A386-84FE92B00822}
		{E8110284-6C97-3E00-8988-0CB634E18986} = {E8110284-6C97-3E00-8988-0CB634E18986}
		{A29E443E-AAE2-3323-81C2-F88DBA96DAFE} = {A29E443E-AAE2-3323-81C2-F88DBA96DAFE}
		{D4ACC2CD-17C0-35BE-A8C6-9B3C4CB462E1} = {D4ACC2CD-17C0-35BE-A8C6-9B3C4CB462E1}
		{36E7B5BB-302C-3D8A-95F1-0DC7E1AE5D9C} = {36E7B5BB-302C-3D8A-95F1-0DC7E1AE5D9C}
		{AB968773-BEDC-3A96-A058-2F9CE734CC97} = {AB968773-BEDC-3A96-A058-2F9CE734CC97}
	EndProjectSection
EndProject
Project("{8BC9CEB8-8B4A-11D0-8D11-00A0C91BC942}") = "zip", "thirdparty\zip.vcxproj", "{AB968773-BEDC-3A96-A058-2F9CE734CC97}"
	ProjectSection(ProjectDependencies) = postProject
		{DAAB037C-F53C-3FA0-A386-84FE92B00822} = {DAAB037C-F53C-3FA0-A386-84FE92B00822}
	EndProjectSection
EndProject
Global
	GlobalSection(SolutionConfigurationPlatforms) = preSolution
		Debug|x64 = Debug|x64
		Release|x64 = Release|x64
		MinSizeRel|x64 = MinSizeRel|x64
		RelWithDebInfo|x64 = RelWithDebInfo|x64
	EndGlobalSection
	GlobalSection(ProjectConfigurationPlatforms) = postSolution
		{6E06A901-3E2C-3A1B-BA9E-DAE384B827C6}.Debug|x64.ActiveCfg = Debug|x64
		{6E06A901-3E2C-3A1B-BA9E-DAE384B827C6}.Debug|x64.Build.0 = Debug|x64
		{6E06A901-3E2C-3A1B-BA9E-DAE384B827C6}.Release|x64.ActiveCfg = Release|x64
		{6E06A901-3E2C-3A1B-BA9E-DAE384B827C6}.Release|x64.Build.0 = Release|x64
		{6E06A901-3E2C-3A1B-BA9E-DAE384B827C6}.MinSizeRel|x64.ActiveCfg = MinSizeRel|x64
		{6E06A901-3E2C-3A1B-BA9E-DAE384B827C6}.MinSizeRel|x64.Build.0 = MinSizeRel|x64
		{6E06A901-3E2C-3A1B-BA9E-DAE384B827C6}.RelWithDebInfo|x64.ActiveCfg = RelWithDebInfo|x64
		{6E06A901-3E2C-3A1B-BA9E-DAE384B827C6}.RelWithDebInfo|x64.Build.0 = RelWithDebInfo|x64
		{22D87912-33FE-3AEE-A8AC-CC1996BE6264}.Debug|x64.ActiveCfg = Debug|x64
		{22D87912-33FE-3AEE-A8AC-CC1996BE6264}.Release|x64.ActiveCfg = Release|x64
		{22D87912-33FE-3AEE-A8AC-CC1996BE6264}.MinSizeRel|x64.ActiveCfg = MinSizeRel|x64
		{22D87912-33FE-3AEE-A8AC-CC1996BE6264}.RelWithDebInfo|x64.ActiveCfg = RelWithDebInfo|x64
		{DAAB037C-F53C-3FA0-A386-84FE92B00822}.Debug|x64.ActiveCfg = Debug|x64
		{DAAB037C-F53C-3FA0-A386-84FE92B00822}.Debug|x64.Build.0 = Debug|x64
		{DAAB037C-F53C-3FA0-A386-84FE92B00822}.Release|x64.ActiveCfg = Release|x64
		{DAAB037C-F53C-3FA0-A386-84FE92B00822}.Release|x64.Build.0 = Release|x64
		{DAAB037C-F53C-3FA0-A386-84FE92B00822}.MinSizeRel|x64.ActiveCfg = MinSizeRel|x64
		{DAAB037C-F53C-3FA0-A386-84FE92B00822}.MinSizeRel|x64.Build.0 = MinSizeRel|x64
		{DAAB037C-F53C-3FA0-A386-84FE92B00822}.RelWithDebInfo|x64.ActiveCfg = RelWithDebInfo|x64
		{DAAB037C-F53C-3FA0-A386-84FE92B00822}.RelWithDebInfo|x64.Build.0 = RelWithDebInfo|x64
		{E8110284-6C97-3E00-8988-0CB634E18986}.Debug|x64.ActiveCfg = Debug|x64
		{E8110284-6C97-3E00-8988-0CB634E18986}.Debug|x64.Build.0 = Debug|x64
		{E8110284-6C97-3E00-8988-0CB634E18986}.Release|x64.ActiveCfg = Release|x64
		{E8110284-6C97-3E00-8988-0CB634E18986}.Release|x64.Build.0 = Release|x64
		{E8110284-6C97-3E00-8988-0CB634E18986}.MinSizeRel|x64.ActiveCfg = MinSizeRel|x64
		{E8110284-6C97-3E00-8988-0CB634E18986}.MinSizeRel|x64.Build.0 = MinSizeRel|x64
		{E8110284-6C97-3E00-8988-0CB634E18986}.RelWithDebInfo|x64.ActiveCfg = RelWithDebInfo|x64
		{E8110284-6C97-3E00-8988-0CB634E18986}.RelWithDebInfo|x64.Build.0 = RelWithDebInfo|x64
		{A29E443E-AAE2-3323-81C2-F88DBA96DAFE}.Debug|x64.ActiveCfg = Debug|x64
		{A29E443E-AAE2-3323-81C2-F88DBA96DAFE}.Debug|x64.Build.0 = Debug|x64
		{A29E443E-AAE2-3323-81C2-F88DBA96DAFE}.Release|x64.ActiveCfg = Release|x64
		{A29E443E-AAE2-3323-81C2-F88DBA96DAFE}.Release|x64.Build.0 = Release|x64
		{A29E443E-AAE2-3323-81C2-F88DBA96DAFE}.MinSizeRel|x64.ActiveCfg = MinSizeRel|x64
		{A29E443E-AAE2-3323-81C2-F88DBA96DAFE}.MinSizeRel|x64.Build.0 = MinSizeRel|x64
		{A29E443E-AAE2-3323-81C2-F88DBA96DAFE}.RelWithDebInfo|x64.ActiveCfg = RelWithDebInfo|x64
		{A29E443E-AAE2-3323-81C2-F88DBA96DAFE}.RelWithDebInfo|x64.Build.0 = RelWithDebInfo|x64
		{D4ACC2CD-17C0-35BE-A8C6-9B3C4CB462E1}.Debug|x64.ActiveCfg = Debug|x64
		{D4ACC2CD-17C0-35BE-A8C6-9B3C4CB462E1}.Debug|x64.Build.0 = Debug|x64
		{D4ACC2CD-17C0-35BE-A8C6-9B3C4CB462E1}.Release|x64.ActiveCfg = Release|x64
		{D4ACC2CD-17C0-35BE-A8C6-9B3C4CB462E1}.Release|x64.Build.0 = Release|x64
		{D4ACC2CD-17C0-35BE-A8C6-9B3C4CB462E1}.MinSizeRel|x64.ActiveCfg = MinSizeRel|x64
		{D4ACC2CD-17C0-35BE-A8C6-9B3C4CB462E1}.MinSizeRel|x64.Build.0 = MinSizeRel|x64
		{D4ACC2CD-17C0-35BE-A8C6-9B3C4CB462E1}.RelWithDebInfo|x64.ActiveCfg = RelWithDebInfo|x64
		{D4ACC2CD-17C0-35BE-A8C6-9B3C4CB462E1}.RelWithDebInfo|x64.Build.0 = RelWithDebInfo|x64
		{36E7B5BB-302C-3D8A-95F1-0DC7E1AE5D9C}.Debug|x64.ActiveCfg = Debug|x64
		{36E7B5BB-302C-3D8A-95F1-0DC7E1AE5D9C}.Debug|x64.Build.0 = Debug|x64
		{36E7B5BB-302C-3D8A-95F1-0DC7E1AE5D9C}.Release|x64.ActiveCfg = Release|x64
		{36E7B5BB-302C-3D8A-95F1-0DC7E1AE5D9C}.Release|x64.Build.0 = Release|x64
		{36E7B5BB-302C-3D8A-95F1-0DC7E1AE5D9C}.MinSizeRel|x64.ActiveCfg = MinSizeRel|x64
		{36E7B5BB-302C-3D8A-95F1-0DC7E1AE5D9C}.MinSizeRel|x64.Build.0 = MinSizeRel|x64
		{36E7B5BB-302C-3D8A-95F1-0DC7E1AE5D9C}.RelWithDebInfo|x64.ActiveCfg = RelWithDebInfo|x64
		{36E7B5BB-302C-3D8A-95F1-0DC7E1AE5D9C}.RelWithDebInfo|x64.Build.0 = RelWithDebInfo|x64
		{0DB53C7E-EC99-36D5-8F5A-DBA1741386F8}.Debug|x64.ActiveCfg = Debug|x64
		{0DB53C7E-EC99-36D5-8F5A-DBA1741386F8}.Debug|x64.Build.0 = Debug|x64
		{0DB53C7E-EC99-36D5-8F5A-DBA1741386F8}.Release|x64.ActiveCfg = Release|x64
		{0DB53C7E-EC99-36D5-8F5A-DBA1741386F8}.Release|x64.Build.0 = Release|x64
		{0DB53C7E-EC99-36D5-8F5A-DBA1741386F8}.MinSizeRel|x64.ActiveCfg = MinSizeRel|x64
		{0DB53C7E-EC99-36D5-8F5A-DBA1741386F8}.MinSizeRel|x64.Build.0 = MinSizeRel|x64
		{0DB53C7E-EC99-36D5-8F5A-DBA1741386F8}.RelWithDebInfo|x64.ActiveCfg = RelWithDebInfo|x64
		{0DB53C7E-EC99-36D5-8F5A-DBA1741386F8}.RelWithDebInfo|x64.Build.0 = RelWithDebInfo|x64
		{AB968773-BEDC-3A96-A058-2F9CE734CC97}.Debug|x64.ActiveCfg = Debug|x64
		{AB968773-BEDC-3A96-A058-2F9CE734CC97}.Debug|x64.Build.0 = Debug|x64
		{AB968773-BEDC-3A96-A058-2F9CE734CC97}.Release|x64.ActiveCfg = Release|x64
		{AB968773-BEDC-3A96-A058-2F9CE734CC97}.Release|x64.Build.0 = Release|x64
		{AB968773-BEDC-3A96-A058-2F9CE734CC97}.MinSizeRel|x64.ActiveCfg = MinSizeRel|x64
		{AB968773-BEDC-3A96-A058-2F9CE734CC97}.MinSizeRel|x64.Build.0 = MinSizeRel|x64
		{AB968773-BEDC-3A96-A058-2F9CE734CC97}.RelWithDebInfo|x64.ActiveCfg = RelWithDebInfo|x64
		{AB968773-BEDC-3A96-A058-2F9CE734CC97}.RelWithDebInfo|x64.Build.0 = RelWithDebInfo|x64
	EndGlobalSection
	GlobalSection(NestedProjects) = preSolution
		{6E06A901-3E2C-3A1B-BA9E-DAE384B827C6} = {746C3FC7-CE30-3531-B4D8-00B372D4F643}
		{22D87912-33FE-3AEE-A8AC-CC1996BE6264} = {746C3FC7-CE30-3531-B4D8-00B372D4F643}
		{DAAB037C-F53C-3FA0-A386-84FE92B00822} = {746C3FC7-CE30-3531-B4D8-00B372D4F643}
	EndGlobalSection
	GlobalSection(ExtensibilityGlobals) = postSolution
		SolutionGuid = {C590C009-F407-3D25-9C94-908C54647CC3}
	EndGlobalSection
	GlobalSection(ExtensibilityAddIns) = postSolution
	EndGlobalSection
EndGlobal
